
Microsoft Visual Studio Solution File, Format Version 12.00
# Visual Studio Version 17
VisualStudioVersion = 17.9.34622.214
MinimumVisualStudioVersion = 10.0.40219.1
Project("{888888A0-9F3D-457C-B088-3A5042F75D52}") = "SSS", "SSS\SSS.pyproj", "{467C68FA-0D62-4656-AE36-5A4474B5A41F}"
EndProject
Global
	GlobalSection(SolutionConfigurationPlatforms) = preSolution
		Debug|Any CPU = Debug|Any CPU
		Release|Any CPU = Release|Any CPU
	EndGlobalSection
	GlobalSection(ProjectConfigurationPlatforms) = postSolution
		{467C68FA-0D62-4656-AE36-5A4474B5A41F}.Debug|Any CPU.ActiveCfg = Release|Any CPU
		{467C68FA-0D62-4656-AE36-5A4474B5A41F}.Release|Any CPU.ActiveCfg = Release|Any CPU
	EndGlobalSection
	GlobalSection(SolutionProperties) = preSolution
		HideSolutionNode = FALSE
	EndGlobalSection
	GlobalSection(ExtensibilityGlobals) = postSolution
		SolutionGuid = {540C94D7-4595-435F-833A-F65AA5C7BB99}
	EndGlobalSection
EndGlobal
